
Microsoft Visual Studio Solution File, Format Version 12.00
# Visual Studio Version 17
VisualStudioVersion = 17.0.32014.148
MinimumVisualStudioVersion = 10.0.40219.1
Project("{FAE04EC0-301F-11D3-BF4B-00C04F79EFBC}") = "Project-Advance-Programming", "Project-Advance-Programming\Project-Advance-Programming.csproj", "{12365E7B-C424-44E5-B55E-7F70AAFF13DA}"
EndProject
Global
	GlobalSection(SolutionConfigurationPlatforms) = preSolution
		Debug|Any CPU = Debug|Any CPU
		Release|Any CPU = Release|Any CPU
	EndGlobalSection
	GlobalSection(ProjectConfigurationPlatforms) = postSolution
		{12365E7B-C424-44E5-B55E-7F70AAFF13DA}.Debug|Any CPU.ActiveCfg = Debug|Any CPU
		{12365E7B-C424-44E5-B55E-7F70AAFF13DA}.Debug|Any CPU.Build.0 = Debug|Any CPU
		{12365E7B-C424-44E5-B55E-7F70AAFF13DA}.Release|Any CPU.ActiveCfg = Release|Any CPU
		{12365E7B-C424-44E5-B55E-7F70AAFF13DA}.Release|Any CPU.Build.0 = Release|Any CPU
	EndGlobalSection
	GlobalSection(SolutionProperties) = preSolution
		HideSolutionNode = FALSE
	EndGlobalSection
	GlobalSection(ExtensibilityGlobals) = postSolution
		SolutionGuid = {A2C844F4-83DF-44E0-9A34-F0BBDC76234E}
	EndGlobalSection
EndGlobal
